
Microsoft Visual Studio Solution File, Format Version 12.00
# Visual Studio 15
VisualStudioVersion = 15.0.28307.421
MinimumVisualStudioVersion = 10.0.40219.1
Project("{FAE04EC0-301F-11D3-BF4B-00C04F79EFBC}") = "knockoutJS", "knockoutJS\knockoutJS.csproj", "{8BA9AD25-8315-487B-8E5C-35F2C86CFA94}"
EndProject
Global
	GlobalSection(SolutionConfigurationPlatforms) = preSolution
		Debug|Any CPU = Debug|Any CPU
		Release|Any CPU = Release|Any CPU
	EndGlobalSection
	GlobalSection(ProjectConfigurationPlatforms) = postSolution
		{8BA9AD25-8315-487B-8E5C-35F2C86CFA94}.Debug|Any CPU.ActiveCfg = Debug|Any CPU
		{8BA9AD25-8315-487B-8E5C-35F2C86CFA94}.Debug|Any CPU.Build.0 = Debug|Any CPU
		{8BA9AD25-8315-487B-8E5C-35F2C86CFA94}.Release|Any CPU.ActiveCfg = Release|Any CPU
		{8BA9AD25-8315-487B-8E5C-35F2C86CFA94}.Release|Any CPU.Build.0 = Release|Any CPU
	EndGlobalSection
	GlobalSection(SolutionProperties) = preSolution
		HideSolutionNode = FALSE
	EndGlobalSection
	GlobalSection(ExtensibilityGlobals) = postSolution
		SolutionGuid = {0F4BBC10-741B-431E-870E-40DCA399DF69}
	EndGlobalSection
EndGlobal
