
Microsoft Visual Studio Solution File, Format Version 12.00
# Visual Studio 15
VisualStudioVersion = 15.0.28307.421
MinimumVisualStudioVersion = 10.0.40219.1
Project("{FAE04EC0-301F-11D3-BF4B-00C04F79EFBC}") = "ConstVar", "ConstVar\ConstVar.csproj", "{812200E1-2CFD-49DD-B5E2-4CD17EAF6A90}"
EndProject
Global
	GlobalSection(SolutionConfigurationPlatforms) = preSolution
		Debug|Any CPU = Debug|Any CPU
		Release|Any CPU = Release|Any CPU
	EndGlobalSection
	GlobalSection(ProjectConfigurationPlatforms) = postSolution
		{812200E1-2CFD-49DD-B5E2-4CD17EAF6A90}.Debug|Any CPU.ActiveCfg = Debug|Any CPU
		{812200E1-2CFD-49DD-B5E2-4CD17EAF6A90}.Debug|Any CPU.Build.0 = Debug|Any CPU
		{812200E1-2CFD-49DD-B5E2-4CD17EAF6A90}.Release|Any CPU.ActiveCfg = Release|Any CPU
		{812200E1-2CFD-49DD-B5E2-4CD17EAF6A90}.Release|Any CPU.Build.0 = Release|Any CPU
	EndGlobalSection
	GlobalSection(SolutionProperties) = preSolution
		HideSolutionNode = FALSE
	EndGlobalSection
	GlobalSection(ExtensibilityGlobals) = postSolution
		SolutionGuid = {8D37A3C1-189C-4174-B0FD-C11B6BE32675}
	EndGlobalSection
EndGlobal
