
Microsoft Visual Studio Solution File, Format Version 12.00
# Visual Studio 15
VisualStudioVersion = 15.0.28307.421
MinimumVisualStudioVersion = 10.0.40219.1
Project("{FAE04EC0-301F-11D3-BF4B-00C04F79EFBC}") = "Generics", "Generics\Generics.csproj", "{764E317D-5AB6-4F62-AC42-B5D2E0033CF6}"
EndProject
Global
	GlobalSection(SolutionConfigurationPlatforms) = preSolution
		Debug|Any CPU = Debug|Any CPU
		Release|Any CPU = Release|Any CPU
	EndGlobalSection
	GlobalSection(ProjectConfigurationPlatforms) = postSolution
		{764E317D-5AB6-4F62-AC42-B5D2E0033CF6}.Debug|Any CPU.ActiveCfg = Debug|Any CPU
		{764E317D-5AB6-4F62-AC42-B5D2E0033CF6}.Debug|Any CPU.Build.0 = Debug|Any CPU
		{764E317D-5AB6-4F62-AC42-B5D2E0033CF6}.Release|Any CPU.ActiveCfg = Release|Any CPU
		{764E317D-5AB6-4F62-AC42-B5D2E0033CF6}.Release|Any CPU.Build.0 = Release|Any CPU
	EndGlobalSection
	GlobalSection(SolutionProperties) = preSolution
		HideSolutionNode = FALSE
	EndGlobalSection
	GlobalSection(ExtensibilityGlobals) = postSolution
		SolutionGuid = {FA29393A-4091-4C26-9BE6-2DFB602542CC}
	EndGlobalSection
EndGlobal
